
Microsoft Visual Studio Solution File, Format Version 12.00
# Visual Studio 15
VisualStudioVersion = 15.0.27130.2027
MinimumVisualStudioVersion = 10.0.40219.1
Project("{FAE04EC0-301F-11D3-BF4B-00C04F79EFBC}") = "Blogezy", "Blogezy\Blogezy.csproj", "{9439A148-4764-4FAE-9631-C02128A6D6FE}"
EndProject
Global
	GlobalSection(SolutionConfigurationPlatforms) = preSolution
		Debug|Any CPU = Debug|Any CPU
		Release|Any CPU = Release|Any CPU
	EndGlobalSection
	GlobalSection(ProjectConfigurationPlatforms) = postSolution
		{9439A148-4764-4FAE-9631-C02128A6D6FE}.Debug|Any CPU.ActiveCfg = Debug|Any CPU
		{9439A148-4764-4FAE-9631-C02128A6D6FE}.Debug|Any CPU.Build.0 = Debug|Any CPU
		{9439A148-4764-4FAE-9631-C02128A6D6FE}.Release|Any CPU.ActiveCfg = Release|Any CPU
		{9439A148-4764-4FAE-9631-C02128A6D6FE}.Release|Any CPU.Build.0 = Release|Any CPU
	EndGlobalSection
	GlobalSection(SolutionProperties) = preSolution
		HideSolutionNode = FALSE
	EndGlobalSection
	GlobalSection(ExtensibilityGlobals) = postSolution
		SolutionGuid = {E779B36B-A33F-496B-84CE-6C17962B0336}
	EndGlobalSection
EndGlobal
